
Microsoft Visual Studio Solution File, Format Version 12.00
# Visual Studio 15
VisualStudioVersion = 15.0.27703.2026
MinimumVisualStudioVersion = 10.0.40219.1
Project("{FAE04EC0-301F-11D3-BF4B-00C04F79EFBC}") = "ChatBot", "ChatBot\ChatBot.csproj", "{2EFE43C3-F21F-4CBC-9E78-481320B60903}"
EndProject
Global
	GlobalSection(SolutionConfigurationPlatforms) = preSolution
		Debug|Any CPU = Debug|Any CPU
		Release|Any CPU = Release|Any CPU
	EndGlobalSection
	GlobalSection(ProjectConfigurationPlatforms) = postSolution
		{2EFE43C3-F21F-4CBC-9E78-481320B60903}.Debug|Any CPU.ActiveCfg = Debug|Any CPU
		{2EFE43C3-F21F-4CBC-9E78-481320B60903}.Debug|Any CPU.Build.0 = Debug|Any CPU
		{2EFE43C3-F21F-4CBC-9E78-481320B60903}.Release|Any CPU.ActiveCfg = Release|Any CPU
		{2EFE43C3-F21F-4CBC-9E78-481320B60903}.Release|Any CPU.Build.0 = Release|Any CPU
	EndGlobalSection
	GlobalSection(SolutionProperties) = preSolution
		HideSolutionNode = FALSE
	EndGlobalSection
	GlobalSection(ExtensibilityGlobals) = postSolution
		SolutionGuid = {E40CB067-1691-42B8-B289-6C97FEF66BD0}
	EndGlobalSection
EndGlobal
